
Microsoft Visual Studio Solution File, Format Version 12.00
# Visual Studio Version 17
VisualStudioVersion = 17.6.33815.320
MinimumVisualStudioVersion = 10.0.40219.1
Project("{2150E333-8FDC-42A3-9474-1A3956D46DE8}") = "src", "src", "{2DBDA439-1BD7-48A2-A066-5EA0418F19B8}"
EndProject
Project("{2150E333-8FDC-42A3-9474-1A3956D46DE8}") = "tests", "tests", "{20EEB1BF-2C66-4A96-9399-17612C874DAD}"
EndProject
Project("{9A19103F-16F7-4668-BE54-9A1E7A4F7556}") = "Dotland.Http.Abstractions", "src\Dotland.Http.Abstractions\Dotland.Http.Abstractions.csproj", "{092935FF-CF76-46E9-8F9B-42AC2CA95C3C}"
EndProject
Project("{9A19103F-16F7-4668-BE54-9A1E7A4F7556}") = "Dotland.Http", "src\Dotland.Http\Dotland.Http.csproj", "{1FAFFE0E-5B92-4C85-9B2A-03A29B6FCBC0}"
EndProject
Project("{9A19103F-16F7-4668-BE54-9A1E7A4F7556}") = "Dotland.Attributes", "src\Dotland.Attributes\Dotland.Attributes.csproj", "{2EC0C3C2-063D-463C-AA01-4522031DF1A2}"
EndProject
Project("{9A19103F-16F7-4668-BE54-9A1E7A4F7556}") = "Dotland.Extensions.Abstractions", "src\Dotland.Extensions.Abstractions\Dotland.Extensions.Abstractions.csproj", "{785143A9-727B-4535-BE32-38126F28F818}"
EndProject
Project("{FAE04EC0-301F-11D3-BF4B-00C04F79EFBC}") = "Dotland.Attributes.Tests", "tests\Dotland.Attributes.Tests\Dotland.Attributes.Tests.csproj", "{642D2EB8-6143-4EE2-A1F3-4657A8D921ED}"
EndProject
Project("{FAE04EC0-301F-11D3-BF4B-00C04F79EFBC}") = "Dotland.Extensions.Abstractions.Tests", "tests\Dotland.Extensions.Abstractions.Tests\Dotland.Extensions.Abstractions.Tests.csproj", "{5A9F5D31-770E-4E0F-B1F7-06E885B16E67}"
EndProject
Project("{2150E333-8FDC-42A3-9474-1A3956D46DE8}") = "docs", "docs", "{CCA4873F-2502-4C99-B637-36BC7B7C80CA}"
EndProject
Project("{2150E333-8FDC-42A3-9474-1A3956D46DE8}") = "Dotland.Attributes", "Dotland.Attributes", "{D43794DD-6487-424F-B1DE-747A971C30ED}"
	ProjectSection(SolutionItems) = preProject
		docs\Dotland.Attributes\Readme.md = docs\Dotland.Attributes\Readme.md
	EndProjectSection
EndProject
Project("{2150E333-8FDC-42A3-9474-1A3956D46DE8}") = "Dotland.Extensions.Abstractions", "Dotland.Extensions.Abstractions", "{96129F19-56AA-431B-8682-FFD361C16127}"
	ProjectSection(SolutionItems) = preProject
		docs\Dotland.Extensions.Abstractions\Readme.md = docs\Dotland.Extensions.Abstractions\Readme.md
	EndProjectSection
EndProject
Project("{2150E333-8FDC-42A3-9474-1A3956D46DE8}") = "resources", "resources", "{035AB6A3-269E-45FC-8866-5F21604EAE0F}"
	ProjectSection(SolutionItems) = preProject
		resources\logo.png = resources\logo.png
	EndProjectSection
EndProject
Global
	GlobalSection(SolutionConfigurationPlatforms) = preSolution
		Debug|Any CPU = Debug|Any CPU
		Release|Any CPU = Release|Any CPU
	EndGlobalSection
	GlobalSection(ProjectConfigurationPlatforms) = postSolution
		{092935FF-CF76-46E9-8F9B-42AC2CA95C3C}.Debug|Any CPU.ActiveCfg = Debug|Any CPU
		{092935FF-CF76-46E9-8F9B-42AC2CA95C3C}.Debug|Any CPU.Build.0 = Debug|Any CPU
		{092935FF-CF76-46E9-8F9B-42AC2CA95C3C}.Release|Any CPU.ActiveCfg = Release|Any CPU
		{092935FF-CF76-46E9-8F9B-42AC2CA95C3C}.Release|Any CPU.Build.0 = Release|Any CPU
		{1FAFFE0E-5B92-4C85-9B2A-03A29B6FCBC0}.Debug|Any CPU.ActiveCfg = Debug|Any CPU
		{1FAFFE0E-5B92-4C85-9B2A-03A29B6FCBC0}.Debug|Any CPU.Build.0 = Debug|Any CPU
		{1FAFFE0E-5B92-4C85-9B2A-03A29B6FCBC0}.Release|Any CPU.ActiveCfg = Release|Any CPU
		{1FAFFE0E-5B92-4C85-9B2A-03A29B6FCBC0}.Release|Any CPU.Build.0 = Release|Any CPU
		{2EC0C3C2-063D-463C-AA01-4522031DF1A2}.Debug|Any CPU.ActiveCfg = Debug|Any CPU
		{2EC0C3C2-063D-463C-AA01-4522031DF1A2}.Debug|Any CPU.Build.0 = Debug|Any CPU
		{2EC0C3C2-063D-463C-AA01-4522031DF1A2}.Release|Any CPU.ActiveCfg = Release|Any CPU
		{2EC0C3C2-063D-463C-AA01-4522031DF1A2}.Release|Any CPU.Build.0 = Release|Any CPU
		{785143A9-727B-4535-BE32-38126F28F818}.Debug|Any CPU.ActiveCfg = Debug|Any CPU
		{785143A9-727B-4535-BE32-38126F28F818}.Debug|Any CPU.Build.0 = Debug|Any CPU
		{785143A9-727B-4535-BE32-38126F28F818}.Release|Any CPU.ActiveCfg = Release|Any CPU
		{785143A9-727B-4535-BE32-38126F28F818}.Release|Any CPU.Build.0 = Release|Any CPU
		{642D2EB8-6143-4EE2-A1F3-4657A8D921ED}.Debug|Any CPU.ActiveCfg = Debug|Any CPU
		{642D2EB8-6143-4EE2-A1F3-4657A8D921ED}.Debug|Any CPU.Build.0 = Debug|Any CPU
		{642D2EB8-6143-4EE2-A1F3-4657A8D921ED}.Release|Any CPU.ActiveCfg = Release|Any CPU
		{642D2EB8-6143-4EE2-A1F3-4657A8D921ED}.Release|Any CPU.Build.0 = Release|Any CPU
		{5A9F5D31-770E-4E0F-B1F7-06E885B16E67}.Debug|Any CPU.ActiveCfg = Debug|Any CPU
		{5A9F5D31-770E-4E0F-B1F7-06E885B16E67}.Debug|Any CPU.Build.0 = Debug|Any CPU
		{5A9F5D31-770E-4E0F-B1F7-06E885B16E67}.Release|Any CPU.ActiveCfg = Release|Any CPU
		{5A9F5D31-770E-4E0F-B1F7-06E885B16E67}.Release|Any CPU.Build.0 = Release|Any CPU
	EndGlobalSection
	GlobalSection(SolutionProperties) = preSolution
		HideSolutionNode = FALSE
	EndGlobalSection
	GlobalSection(NestedProjects) = preSolution
		{092935FF-CF76-46E9-8F9B-42AC2CA95C3C} = {2DBDA439-1BD7-48A2-A066-5EA0418F19B8}
		{1FAFFE0E-5B92-4C85-9B2A-03A29B6FCBC0} = {2DBDA439-1BD7-48A2-A066-5EA0418F19B8}
		{2EC0C3C2-063D-463C-AA01-4522031DF1A2} = {2DBDA439-1BD7-48A2-A066-5EA0418F19B8}
		{785143A9-727B-4535-BE32-38126F28F818} = {2DBDA439-1BD7-48A2-A066-5EA0418F19B8}
		{642D2EB8-6143-4EE2-A1F3-4657A8D921ED} = {20EEB1BF-2C66-4A96-9399-17612C874DAD}
		{5A9F5D31-770E-4E0F-B1F7-06E885B16E67} = {20EEB1BF-2C66-4A96-9399-17612C874DAD}
		{D43794DD-6487-424F-B1DE-747A971C30ED} = {CCA4873F-2502-4C99-B637-36BC7B7C80CA}
		{96129F19-56AA-431B-8682-FFD361C16127} = {CCA4873F-2502-4C99-B637-36BC7B7C80CA}
	EndGlobalSection
	GlobalSection(ExtensibilityGlobals) = postSolution
		SolutionGuid = {33EA1BC9-9101-4BE8-B845-76CADD46ED34}
	EndGlobalSection
EndGlobal
